// !$*UTF8*$!
{
	archiveVersion = 1;
	classes = {
	};
	objectVersion = 50;
	objects = {

/* Begin PBXBuildFile section */
		8105420526A1AF25008644C7 /* AppDelegate.swift in Sources */ = {isa = PBXBuildFile; fileRef = 8105420426A1AF25008644C7 /* AppDelegate.swift */; };
		8105420726A1AF25008644C7 /* ViewController.swift in Sources */ = {isa = PBXBuildFile; fileRef = 8105420626A1AF25008644C7 /* ViewController.swift */; };
		8105420926A1AF25008644C7 /* Assets.xcassets in Resources */ = {isa = PBXBuildFile; fileRef = 8105420826A1AF25008644C7 /* Assets.xcassets */; };
		8105420C26A1AF25008644C7 /* Main.storyboard in Resources */ = {isa = PBXBuildFile; fileRef = 8105420A26A1AF25008644C7 /* Main.storyboard */; };
		8105421826A1AF25008644C7 /* AppIconGeneratorTests.swift in Sources */ = {isa = PBXBuildFile; fileRef = 8105421726A1AF25008644C7 /* AppIconGeneratorTests.swift */; };
		8105422326A1AF25008644C7 /* AppIconGeneratorUITests.swift in Sources */ = {isa = PBXBuildFile; fileRef = 8105422226A1AF25008644C7 /* AppIconGeneratorUITests.swift */; };
		8105423326A1AFBB008644C7 /* .gitignore in Resources */ = {isa = PBXBuildFile; fileRef = 8105423226A1AFBB008644C7 /* .gitignore */; };
		8105423526A1B0C2008644C7 /* Contents_ios.json in Resources */ = {isa = PBXBuildFile; fileRef = 8105423426A1B0C2008644C7 /* Contents_ios.json */; };
		8105423726A1B0C8008644C7 /* Contents_mac.json in Resources */ = {isa = PBXBuildFile; fileRef = 8105423626A1B0C8008644C7 /* Contents_mac.json */; };
/* End PBXBuildFile section */

/* Begin PBXContainerItemProxy section */
		8105421426A1AF25008644C7 /* PBXContainerItemProxy */ = {
			isa = PBXContainerItemProxy;
			containerPortal = 810541F926A1AF24008644C7 /* Project object */;
			proxyType = 1;
			remoteGlobalIDString = 8105420026A1AF25008644C7;
			remoteInfo = AppIconGenerator;
		};
		8105421F26A1AF25008644C7 /* PBXContainerItemProxy */ = {
			isa = PBXContainerItemProxy;
			containerPortal = 810541F926A1AF24008644C7 /* Project object */;
			proxyType = 1;
			remoteGlobalIDString = 8105420026A1AF25008644C7;
			remoteInfo = AppIconGenerator;
		};
/* End PBXContainerItemProxy section */

/* Begin PBXFileReference section */
		8105420126A1AF25008644C7 /* AppIconGenerator.app */ = {isa = PBXFileReference; explicitFileType = wrapper.application; includeInIndex = 0; path = AppIconGenerator.app; sourceTree = BUILT_PRODUCTS_DIR; };
		8105420426A1AF25008644C7 /* AppDelegate.swift */ = {isa = PBXFileReference; lastKnownFileType = sourcecode.swift; path = AppDelegate.swift; sourceTree = "<group>"; };
		8105420626A1AF25008644C7 /* ViewController.swift */ = {isa = PBXFileReference; lastKnownFileType = sourcecode.swift; path = ViewController.swift; sourceTree = "<group>"; };
		8105420826A1AF25008644C7 /* Assets.xcassets */ = {isa = PBXFileReference; lastKnownFileType = folder.assetcatalog; path = Assets.xcassets; sourceTree = "<group>"; };
		8105420B26A1AF25008644C7 /* Base */ = {isa = PBXFileReference; lastKnownFileType = file.storyboard; name = Base; path = Base.lproj/Main.storyboard; sourceTree = "<group>"; };
		8105420D26A1AF25008644C7 /* Info.plist */ = {isa = PBXFileReference; lastKnownFileType = text.plist.xml; path = Info.plist; sourceTree = "<group>"; };
		8105420E26A1AF25008644C7 /* AppIconGenerator.entitlements */ = {isa = PBXFileReference; lastKnownFileType = text.plist.entitlements; path = AppIconGenerator.entitlements; sourceTree = "<group>"; };
		8105421326A1AF25008644C7 /* AppIconGeneratorTests.xctest */ = {isa = PBXFileReference; explicitFileType = wrapper.cfbundle; includeInIndex = 0; path = AppIconGeneratorTests.xctest; sourceTree = BUILT_PRODUCTS_DIR; };
		8105421726A1AF25008644C7 /* AppIconGeneratorTests.swift */ = {isa = PBXFileReference; lastKnownFileType = sourcecode.swift; path = AppIconGeneratorTests.swift; sourceTree = "<group>"; };
		8105421926A1AF25008644C7 /* Info.plist */ = {isa = PBXFileReference; lastKnownFileType = text.plist.xml; path = Info.plist; sourceTree = "<group>"; };
		8105421E26A1AF25008644C7 /* AppIconGeneratorUITests.xctest */ = {isa = PBXFileReference; explicitFileType = wrapper.cfbundle; includeInIndex = 0; path = AppIconGeneratorUITests.xctest; sourceTree = BUILT_PRODUCTS_DIR; };
		8105422226A1AF25008644C7 /* AppIconGeneratorUITests.swift */ = {isa = PBXFileReference; lastKnownFileType = sourcecode.swift; path = AppIconGeneratorUITests.swift; sourceTree = "<group>"; };
		8105422426A1AF25008644C7 /* Info.plist */ = {isa = PBXFileReference; lastKnownFileType = text.plist.xml; path = Info.plist; sourceTree = "<group>"; };
		8105423226A1AFBB008644C7 /* .gitignore */ = {isa = PBXFileReference; fileEncoding = 4; lastKnownFileType = text; path = .gitignore; sourceTree = "<group>"; };
		8105423426A1B0C2008644C7 /* Contents_ios.json */ = {isa = PBXFileReference; fileEncoding = 4; lastKnownFileType = text.json; path = Contents_ios.json; sourceTree = "<group>"; };
		8105423626A1B0C8008644C7 /* Contents_mac.json */ = {isa = PBXFileReference; fileEncoding = 4; lastKnownFileType = text.json; path = Contents_mac.json; sourceTree = "<group>"; };
/* End PBXFileReference section */

/* Begin PBXFrameworksBuildPhase section */
		810541FE26A1AF25008644C7 /* Frameworks */ = {
			isa = PBXFrameworksBuildPhase;
			buildActionMask = 2147483647;
			files = (
			);
			runOnlyForDeploymentPostprocessing = 0;
		};
		8105421026A1AF25008644C7 /* Frameworks */ = {
			isa = PBXFrameworksBuildPhase;
			buildActionMask = 2147483647;
			files = (
			);
			runOnlyForDeploymentPostprocessing = 0;
		};
		8105421B26A1AF25008644C7 /* Frameworks */ = {
			isa = PBXFrameworksBuildPhase;
			buildActionMask = 2147483647;
			files = (
			);
			runOnlyForDeploymentPostprocessing = 0;
		};
/* End PBXFrameworksBuildPhase section */

/* Begin PBXGroup section */
		810541F826A1AF24008644C7 = {
			isa = PBXGroup;
			children = (
				8105420326A1AF25008644C7 /* AppIconGenerator */,
				8105421626A1AF25008644C7 /* AppIconGeneratorTests */,
				8105422126A1AF25008644C7 /* AppIconGeneratorUITests */,
				8105420226A1AF25008644C7 /* Products */,
				8105423226A1AFBB008644C7 /* .gitignore */,
			);
			sourceTree = "<group>";
		};
		8105420226A1AF25008644C7 /* Products */ = {
			isa = PBXGroup;
			children = (
				8105420126A1AF25008644C7 /* AppIconGenerator.app */,
				8105421326A1AF25008644C7 /* AppIconGeneratorTests.xctest */,
				8105421E26A1AF25008644C7 /* AppIconGeneratorUITests.xctest */,
			);
			name = Products;
			sourceTree = "<group>";
		};
		8105420326A1AF25008644C7 /* AppIconGenerator */ = {
			isa = PBXGroup;
			children = (
				8105423626A1B0C8008644C7 /* Contents_mac.json */,
				8105423426A1B0C2008644C7 /* Contents_ios.json */,
				8105420426A1AF25008644C7 /* AppDelegate.swift */,
				8105420626A1AF25008644C7 /* ViewController.swift */,
				8105420826A1AF25008644C7 /* Assets.xcassets */,
				8105420A26A1AF25008644C7 /* Main.storyboard */,
				8105420D26A1AF25008644C7 /* Info.plist */,
				8105420E26A1AF25008644C7 /* AppIconGenerator.entitlements */,
			);
			path = AppIconGenerator;
			sourceTree = "<group>";
		};
		8105421626A1AF25008644C7 /* AppIconGeneratorTests */ = {
			isa = PBXGroup;
			children = (
				8105421726A1AF25008644C7 /* AppIconGeneratorTests.swift */,
				8105421926A1AF25008644C7 /* Info.plist */,
			);
			path = AppIconGeneratorTests;
			sourceTree = "<group>";
		};
		8105422126A1AF25008644C7 /* AppIconGeneratorUITests */ = {
			isa = PBXGroup;
			children = (
				8105422226A1AF25008644C7 /* AppIconGeneratorUITests.swift */,
				8105422426A1AF25008644C7 /* Info.plist */,
			);
			path = AppIconGeneratorUITests;
			sourceTree = "<group>";
		};
/* End PBXGroup section */

/* Begin PBXNativeTarget section */
		8105420026A1AF25008644C7 /* AppIconGenerator */ = {
			isa = PBXNativeTarget;
			buildConfigurationList = 8105422726A1AF25008644C7 /* Build configuration list for PBXNativeTarget "AppIconGenerator" */;
			buildPhases = (
				810541FD26A1AF25008644C7 /* Sources */,
				810541FE26A1AF25008644C7 /* Frameworks */,
				810541FF26A1AF25008644C7 /* Resources */,
			);
			buildRules = (
			);
			dependencies = (
			);
			name = AppIconGenerator;
			productName = AppIconGenerator;
			productReference = 8105420126A1AF25008644C7 /* AppIconGenerator.app */;
			productType = "com.apple.product-type.application";
		};
		8105421226A1AF25008644C7 /* AppIconGeneratorTests */ = {
			isa = PBXNativeTarget;
			buildConfigurationList = 8105422A26A1AF25008644C7 /* Build configuration list for PBXNativeTarget "AppIconGeneratorTests" */;
			buildPhases = (
				8105420F26A1AF25008644C7 /* Sources */,
				8105421026A1AF25008644C7 /* Frameworks */,
				8105421126A1AF25008644C7 /* Resources */,
			);
			buildRules = (
			);
			dependencies = (
				8105421526A1AF25008644C7 /* PBXTargetDependency */,
			);
			name = AppIconGeneratorTests;
			productName = AppIconGeneratorTests;
			productReference = 8105421326A1AF25008644C7 /* AppIconGeneratorTests.xctest */;
			productType = "com.apple.product-type.bundle.unit-test";
		};
		8105421D26A1AF25008644C7 /* AppIconGeneratorUITests */ = {
			isa = PBXNativeTarget;
			buildConfigurationList = 8105422D26A1AF25008644C7 /* Build configuration list for PBXNativeTarget "AppIconGeneratorUITests" */;
			buildPhases = (
				8105421A26A1AF25008644C7 /* Sources */,
				8105421B26A1AF25008644C7 /* Frameworks */,
				8105421C26A1AF25008644C7 /* Resources */,
			);
			buildRules = (
			);
			dependencies = (
				8105422026A1AF25008644C7 /* PBXTargetDependency */,
			);
			name = AppIconGeneratorUITests;
			productName = AppIconGeneratorUITests;
			productReference = 8105421E26A1AF25008644C7 /* AppIconGeneratorUITests.xctest */;
			productType = "com.apple.product-type.bundle.ui-testing";
		};
/* End PBXNativeTarget section */

/* Begin PBXProject section */
		810541F926A1AF24008644C7 /* Project object */ = {
			isa = PBXProject;
			attributes = {
				LastSwiftUpdateCheck = 1000;
				LastUpgradeCheck = 1000;
				ORGANIZATIONNAME = "krisna pranav";
				TargetAttributes = {
					8105420026A1AF25008644C7 = {
						CreatedOnToolsVersion = 10.0;
					};
					8105421226A1AF25008644C7 = {
						CreatedOnToolsVersion = 10.0;
						TestTargetID = 8105420026A1AF25008644C7;
					};
					8105421D26A1AF25008644C7 = {
						CreatedOnToolsVersion = 10.0;
						TestTargetID = 8105420026A1AF25008644C7;
					};
				};
			};
			buildConfigurationList = 810541FC26A1AF24008644C7 /* Build configuration list for PBXProject "AppIconGenerator" */;
			compatibilityVersion = "Xcode 9.3";
			developmentRegion = en;
			hasScannedForEncodings = 0;
			knownRegions = (
				en,
				Base,
			);
			mainGroup = 810541F826A1AF24008644C7;
			productRefGroup = 8105420226A1AF25008644C7 /* Products */;
			projectDirPath = "";
			projectRoot = "";
			targets = (
				8105420026A1AF25008644C7 /* AppIconGenerator */,
				8105421226A1AF25008644C7 /* AppIconGeneratorTests */,
				8105421D26A1AF25008644C7 /* AppIconGeneratorUITests */,
			);
		};
/* End PBXProject section */

/* Begin PBXResourcesBuildPhase section */
		810541FF26A1AF25008644C7 /* Resources */ = {
			isa = PBXResourcesBuildPhase;
			buildActionMask = 2147483647;
			files = (
				8105420926A1AF25008644C7 /* Assets.xcassets in Resources */,
				8105423526A1B0C2008644C7 /* Contents_ios.json in Resources */,
				8105423326A1AFBB008644C7 /* .gitignore in Resources */,
				8105420C26A1AF25008644C7 /* Main.storyboard in Resources */,
				8105423726A1B0C8008644C7 /* Contents_mac.json in Resources */,
			);
			runOnlyForDeploymentPostprocessing = 0;
		};
		8105421126A1AF25008644C7 /* Resources */ = {
			isa = PBXResourcesBuildPhase;
			buildActionMask = 2147483647;
			files = (
			);
			runOnlyForDeploymentPostprocessing = 0;
		};
		8105421C26A1AF25008644C7 /* Resources */ = {
			isa = PBXResourcesBuildPhase;
			buildActionMask = 2147483647;
			files = (
			);
			runOnlyForDeploymentPostprocessing = 0;
		};
/* End PBXResourcesBuildPhase section */

/* Begin PBXSourcesBuildPhase section */
		810541FD26A1AF25008644C7 /* Sources */ = {
			isa = PBXSourcesBuildPhase;
			buildActionMask = 2147483647;
			files = (
				8105420726A1AF25008644C7 /* ViewController.swift in Sources */,
				8105420526A1AF25008644C7 /* AppDelegate.swift in Sources */,
			);
			runOnlyForDeploymentPostprocessing = 0;
		};
		8105420F26A1AF25008644C7 /* Sources */ = {
			isa = PBXSourcesBuildPhase;
			buildActionMask = 2147483647;
			files = (
				8105421826A1AF25008644C7 /* AppIconGeneratorTests.swift in Sources */,
			);
			runOnlyForDeploymentPostprocessing = 0;
		};
		8105421A26A1AF25008644C7 /* Sources */ = {
			isa = PBXSourcesBuildPhase;
			buildActionMask = 2147483647;
			files = (
				8105422326A1AF25008644C7 /* AppIconGeneratorUITests.swift in Sources */,
			);
			runOnlyForDeploymentPostprocessing = 0;
		};
/* End PBXSourcesBuildPhase section */

/* Begin PBXTargetDependency section */
		8105421526A1AF25008644C7 /* PBXTargetDependency */ = {
			isa = PBXTargetDependency;
			target = 8105420026A1AF25008644C7 /* AppIconGenerator */;
			targetProxy = 8105421426A1AF25008644C7 /* PBXContainerItemProxy */;
		};
		8105422026A1AF25008644C7 /* PBXTargetDependency */ = {
			isa = PBXTargetDependency;
			target = 8105420026A1AF25008644C7 /* AppIconGenerator */;
			targetProxy = 8105421F26A1AF25008644C7 /* PBXContainerItemProxy */;
		};
/* End PBXTargetDependency section */

/* Begin PBXVariantGroup section */
		8105420A26A1AF25008644C7 /* Main.storyboard */ = {
			isa = PBXVariantGroup;
			children = (
				8105420B26A1AF25008644C7 /* Base */,
			);
			name = Main.storyboard;
			sourceTree = "<group>";
		};
/* End PBXVariantGroup section */

/* Begin XCBuildConfiguration section */
		8105422526A1AF25008644C7 /* Debug */ = {
			isa = XCBuildConfiguration;
			buildSettings = {
				ALWAYS_SEARCH_USER_PATHS = NO;
				CLANG_ANALYZER_NONNULL = YES;
				CLANG_ANALYZER_NUMBER_OBJECT_CONVERSION = YES_AGGRESSIVE;
				CLANG_CXX_LANGUAGE_STANDARD = "gnu++14";
				CLANG_CXX_LIBRARY = "libc++";
				CLANG_ENABLE_MODULES = YES;
				CLANG_ENABLE_OBJC_ARC = YES;
				CLANG_ENABLE_OBJC_WEAK = YES;
				CLANG_WARN_BLOCK_CAPTURE_AUTORELEASING = YES;
				CLANG_WARN_BOOL_CONVERSION = YES;
				CLANG_WARN_COMMA = YES;
				CLANG_WARN_CONSTANT_CONVERSION = YES;
				CLANG_WARN_DEPRECATED_OBJC_IMPLEMENTATIONS = YES;
				CLANG_WARN_DIRECT_OBJC_ISA_USAGE = YES_ERROR;
				CLANG_WARN_DOCUMENTATION_COMMENTS = YES;
				CLANG_WARN_EMPTY_BODY = YES;
				CLANG_WARN_ENUM_CONVERSION = YES;
				CLANG_WARN_INFINITE_RECURSION = YES;
				CLANG_WARN_INT_CONVERSION = YES;
				CLANG_WARN_NON_LITERAL_NULL_CONVERSION = YES;
				CLANG_WARN_OBJC_IMPLICIT_RETAIN_SELF = YES;
				CLANG_WARN_OBJC_LITERAL_CONVERSION = YES;
				CLANG_WARN_OBJC_ROOT_CLASS = YES_ERROR;
				CLANG_WARN_RANGE_LOOP_ANALYSIS = YES;
				CLANG_WARN_STRICT_PROTOTYPES = YES;
				CLANG_WARN_SUSPICIOUS_MOVE = YES;
				CLANG_WARN_UNGUARDED_AVAILABILITY = YES_AGGRESSIVE;
				CLANG_WARN_UNREACHABLE_CODE = YES;
				CLANG_WARN__DUPLICATE_METHOD_MATCH = YES;
				CODE_SIGN_IDENTITY = "-";
				COPY_PHASE_STRIP = NO;
				DEBUG_INFORMATION_FORMAT = dwarf;
				ENABLE_STRICT_OBJC_MSGSEND = YES;
				ENABLE_TESTABILITY = YES;
				GCC_C_LANGUAGE_STANDARD = gnu11;
				GCC_DYNAMIC_NO_PIC = NO;
				GCC_NO_COMMON_BLOCKS = YES;
				GCC_OPTIMIZATION_LEVEL = 0;
				GCC_PREPROCESSOR_DEFINITIONS = (
					"DEBUG=1",
					"$(inherited)",
				);
				GCC_WARN_64_TO_32_BIT_CONVERSION = YES;
				GCC_WARN_ABOUT_RETURN_TYPE = YES_ERROR;
				GCC_WARN_UNDECLARED_SELECTOR = YES;
				GCC_WARN_UNINITIALIZED_AUTOS = YES_AGGRESSIVE;
				GCC_WARN_UNUSED_FUNCTION = YES;
				GCC_WARN_UNUSED_VARIABLE = YES;
				MACOSX_DEPLOYMENT_TARGET = 10.13;
				MTL_ENABLE_DEBUG_INFO = INCLUDE_SOURCE;
				MTL_FAST_MATH = YES;
				ONLY_ACTIVE_ARCH = YES;
				SDKROOT = macosx;
				SWIFT_ACTIVE_COMPILATION_CONDITIONS = DEBUG;
				SWIFT_OPTIMIZATION_LEVEL = "-Onone";
			};
			name = Debug;
		};
		8105422626A1AF25008644C7 /* Release */ = {
			isa = XCBuildConfiguration;
			buildSettings = {
				ALWAYS_SEARCH_USER_PATHS = NO;
				CLANG_ANALYZER_NONNULL = YES;
				CLANG_ANALYZER_NUMBER_OBJECT_CONVERSION = YES_AGGRESSIVE;
				CLANG_CXX_LANGUAGE_STANDARD = "gnu++14";
				CLANG_CXX_LIBRARY = "libc++";
				CLANG_ENABLE_MODULES = YES;
				CLANG_ENABLE_OBJC_ARC = YES;
				CLANG_ENABLE_OBJC_WEAK = YES;
				CLANG_WARN_BLOCK_CAPTURE_AUTORELEASING = YES;
				CLANG_WARN_BOOL_CONVERSION = YES;
				CLANG_WARN_COMMA = YES;
				CLANG_WARN_CONSTANT_CONVERSION = YES;
				CLANG_WARN_DEPRECATED_OBJC_IMPLEMENTATIONS = YES;
				CLANG_WARN_DIRECT_OBJC_ISA_USAGE = YES_ERROR;
				CLANG_WARN_DOCUMENTATION_COMMENTS = YES;
				CLANG_WARN_EMPTY_BODY = YES;
				CLANG_WARN_ENUM_CONVERSION = YES;
				CLANG_WARN_INFINITE_RECURSION = YES;
				CLANG_WARN_INT_CONVERSION = YES;
				CLANG_WARN_NON_LITERAL_NULL_CONVERSION = YES;
				CLANG_WARN_OBJC_IMPLICIT_RETAIN_SELF = YES;
				CLANG_WARN_OBJC_LITERAL_CONVERSION = YES;
				CLANG_WARN_OBJC_ROOT_CLASS = YES_ERROR;
				CLANG_WARN_RANGE_LOOP_ANALYSIS = YES;
				CLANG_WARN_STRICT_PROTOTYPES = YES;
				CLANG_WARN_SUSPICIOUS_MOVE = YES;
				CLANG_WARN_UNGUARDED_AVAILABILITY = YES_AGGRESSIVE;
				CLANG_WARN_UNREACHABLE_CODE = YES;
				CLANG_WARN__DUPLICATE_METHOD_MATCH = YES;
				CODE_SIGN_IDENTITY = "-";
				COPY_PHASE_STRIP = NO;
				DEBUG_INFORMATION_FORMAT = "dwarf-with-dsym";
				ENABLE_NS_ASSERTIONS = NO;
				ENABLE_STRICT_OBJC_MSGSEND = YES;
				GCC_C_LANGUAGE_STANDARD = gnu11;
				GCC_NO_COMMON_BLOCKS = YES;
				GCC_WARN_64_TO_32_BIT_CONVERSION = YES;
				GCC_WARN_ABOUT_RETURN_TYPE = YES_ERROR;
				GCC_WARN_UNDECLARED_SELECTOR = YES;
				GCC_WARN_UNINITIALIZED_AUTOS = YES_AGGRESSIVE;
				GCC_WARN_UNUSED_FUNCTION = YES;
				GCC_WARN_UNUSED_VARIABLE = YES;
				MACOSX_DEPLOYMENT_TARGET = 10.13;
				MTL_ENABLE_DEBUG_INFO = NO;
				MTL_FAST_MATH = YES;
				SDKROOT = macosx;
				SWIFT_COMPILATION_MODE = wholemodule;
				SWIFT_OPTIMIZATION_LEVEL = "-O";
			};
			name = Release;
		};
		8105422826A1AF25008644C7 /* Debug */ = {
			isa = XCBuildConfiguration;
			buildSettings = {
				ASSETCATALOG_COMPILER_APPICON_NAME = AppIcon;
				CODE_SIGN_ENTITLEMENTS = AppIconGenerator/AppIconGenerator.entitlements;
				CODE_SIGN_STYLE = Automatic;
				COMBINE_HIDPI_IMAGES = YES;
				DEVELOPMENT_TEAM = 32QP46JEL2;
				INFOPLIST_FILE = AppIconGenerator/Info.plist;
				LD_RUNPATH_SEARCH_PATHS = (
					"$(inherited)",
					"@executable_path/../Frameworks",
				);
				PRODUCT_BUNDLE_IDENTIFIER = com.example.AppIconGenerator;
				PRODUCT_NAME = "$(TARGET_NAME)";
				SWIFT_VERSION = 3.0;
			};
			name = Debug;
		};
		8105422926A1AF25008644C7 /* Release */ = {
			isa = XCBuildConfiguration;
			buildSettings = {
				ASSETCATALOG_COMPILER_APPICON_NAME = AppIcon;
				CODE_SIGN_ENTITLEMENTS = AppIconGenerator/AppIconGenerator.entitlements;
				CODE_SIGN_STYLE = Automatic;
				COMBINE_HIDPI_IMAGES = YES;
				DEVELOPMENT_TEAM = 32QP46JEL2;
				INFOPLIST_FILE = AppIconGenerator/Info.plist;
				LD_RUNPATH_SEARCH_PATHS = (
					"$(inherited)",
					"@executable_path/../Frameworks",
				);
				PRODUCT_BUNDLE_IDENTIFIER = com.example.AppIconGenerator;
				PRODUCT_NAME = "$(TARGET_NAME)";
				SWIFT_VERSION = 3.0;
			};
			name = Release;
		};
		8105422B26A1AF25008644C7 /* Debug */ = {
			isa = XCBuildConfiguration;
			buildSettings = {
				ALWAYS_EMBED_SWIFT_STANDARD_LIBRARIES = YES;
				BUNDLE_LOADER = "$(TEST_HOST)";
				CODE_SIGN_STYLE = Automatic;
				COMBINE_HIDPI_IMAGES = YES;
				INFOPLIST_FILE = AppIconGeneratorTests/Info.plist;
				LD_RUNPATH_SEARCH_PATHS = (
					"$(inherited)",
					"@executable_path/../Frameworks",
					"@loader_path/../Frameworks",
				);
				PRODUCT_BUNDLE_IDENTIFIER = com.example.AppIconGeneratorTests;
				PRODUCT_NAME = "$(TARGET_NAME)";
				SWIFT_VERSION = 3.0;
				TEST_HOST = "$(BUILT_PRODUCTS_DIR)/AppIconGenerator.app/Contents/MacOS/AppIconGenerator";
			};
			name = Debug;
		};
		8105422C26A1AF25008644C7 /* Release */ = {
			isa = XCBuildConfiguration;
			buildSettings = {
				ALWAYS_EMBED_SWIFT_STANDARD_LIBRARIES = YES;
				BUNDLE_LOADER = "$(TEST_HOST)";
				CODE_SIGN_STYLE = Automatic;
				COMBINE_HIDPI_IMAGES = YES;
				INFOPLIST_FILE = AppIconGeneratorTests/Info.plist;
				LD_RUNPATH_SEARCH_PATHS = (
					"$(inherited)",
					"@executable_path/../Frameworks",
					"@loader_path/../Frameworks",
				);
				PRODUCT_BUNDLE_IDENTIFIER = com.example.AppIconGeneratorTests;
				PRODUCT_NAME = "$(TARGET_NAME)";
				SWIFT_VERSION = 3.0;
				TEST_HOST = "$(BUILT_PRODUCTS_DIR)/AppIconGenerator.app/Contents/MacOS/AppIconGenerator";
			};
			name = Release;
		};
		8105422E26A1AF25008644C7 /* Debug */ = {
			isa = XCBuildConfiguration;
			buildSettings = {
				ALWAYS_EMBED_SWIFT_STANDARD_LIBRARIES = YES;
				CODE_SIGN_STYLE = Automatic;
				COMBINE_HIDPI_IMAGES = YES;
				INFOPLIST_FILE = AppIconGeneratorUITests/Info.plist;
				LD_RUNPATH_SEARCH_PATHS = (
					"$(inherited)",
					"@executable_path/../Frameworks",
					"@loader_path/../Frameworks",
				);
				PRODUCT_BUNDLE_IDENTIFIER = com.example.AppIconGeneratorUITests;
				PRODUCT_NAME = "$(TARGET_NAME)";
				SWIFT_VERSION = 3.0;
				TEST_TARGET_NAME = AppIconGenerator;
			};
			name = Debug;
		};
		8105422F26A1AF25008644C7 /* Release */ = {
			isa = XCBuildConfiguration;
			buildSettings = {
				ALWAYS_EMBED_SWIFT_STANDARD_LIBRARIES = YES;
				CODE_SIGN_STYLE = Automatic;
				COMBINE_HIDPI_IMAGES = YES;
				INFOPLIST_FILE = AppIconGeneratorUITests/Info.plist;
				LD_RUNPATH_SEARCH_PATHS = (
					"$(inherited)",
					"@executable_path/../Frameworks",
					"@loader_path/../Frameworks",
				);
				PRODUCT_BUNDLE_IDENTIFIER = com.example.AppIconGeneratorUITests;
				PRODUCT_NAME = "$(TARGET_NAME)";
				SWIFT_VERSION = 3.0;
				TEST_TARGET_NAME = AppIconGenerator;
			};
			name = Release;
		};
/* End XCBuildConfiguration section */

/* Begin XCConfigurationList section */
		810541FC26A1AF24008644C7 /* Build configuration list for PBXProject "AppIconGenerator" */ = {
			isa = XCConfigurationList;
			buildConfigurations = (
				8105422526A1AF25008644C7 /* Debug */,
				8105422626A1AF25008644C7 /* Release */,
			);
			defaultConfigurationIsVisible = 0;
			defaultConfigurationName = Release;
		};
		8105422726A1AF25008644C7 /* Build configuration list for PBXNativeTarget "AppIconGenerator" */ = {
			isa = XCConfigurationList;
			buildConfigurations = (
				8105422826A1AF25008644C7 /* Debug */,
				8105422926A1AF25008644C7 /* Release */,
			);
			defaultConfigurationIsVisible = 0;
			defaultConfigurationName = Release;
		};
		8105422A26A1AF25008644C7 /* Build configuration list for PBXNativeTarget "AppIconGeneratorTests" */ = {
			isa = XCConfigurationList;
			buildConfigurations = (
				8105422B26A1AF25008644C7 /* Debug */,
				8105422C26A1AF25008644C7 /* Release */,
			);
			defaultConfigurationIsVisible = 0;
			defaultConfigurationName = Release;
		};
		8105422D26A1AF25008644C7 /* Build configuration list for PBXNativeTarget "AppIconGeneratorUITests" */ = {
			isa = XCConfigurationList;
			buildConfigurations = (
				8105422E26A1AF25008644C7 /* Debug */,
				8105422F26A1AF25008644C7 /* Release */,
			);
			defaultConfigurationIsVisible = 0;
			defaultConfigurationName = Release;
		};
/* End XCConfigurationList section */
	};
	rootObject = 810541F926A1AF24008644C7 /* Project object */;
}
